
Microsoft Visual Studio Solution File, Format Version 12.00
# Visual Studio Version 16
VisualStudioVersion = 16.0.31112.23
MinimumVisualStudioVersion = 10.0.40219.1
Project("{FAE04EC0-301F-11D3-BF4B-00C04F79EFBC}") = "SusOnTrack", "SusOnTrack.csproj", "{8656715B-10BC-4C7C-991A-99EF38659039}"
EndProject
Project("{FAE04EC0-301F-11D3-BF4B-00C04F79EFBC}") = "SusOnTrack.Bussiness", "..\SusOnTrack.Bussiness\SusOnTrack.Bussiness.csproj", "{EF8E3E0C-8A19-438D-95BE-46E7F5AF133A}"
EndProject
Project("{FAE04EC0-301F-11D3-BF4B-00C04F79EFBC}") = "SusOnTrack.Repository", "..\SusOnTrack.Repository\SusOnTrack.Repository.csproj", "{D5AF0AA8-DD1B-4F6B-847C-183568BE2293}"
EndProject
Project("{FAE04EC0-301F-11D3-BF4B-00C04F79EFBC}") = "SusOnTrack.Map", "..\SusOnTrack.Map\SusOnTrack.Map.csproj", "{79F70D69-235D-433A-A087-5BEB69348D50}"
EndProject
Project("{FAE04EC0-301F-11D3-BF4B-00C04F79EFBC}") = "SusOnTrack.Model", "..\SusOnTrack.Model\SusOnTrack.Model.csproj", "{AA765DB8-7460-4BFF-9F93-C6F5ACDB2B70}"
EndProject
Project("{FAE04EC0-301F-11D3-BF4B-00C04F79EFBC}") = "Constantes", "..\..\..\Constantes\Constantes\Constantes.csproj", "{B0E454C3-7A12-4C5B-9710-C84BE39029EF}"
EndProject
Project("{FAE04EC0-301F-11D3-BF4B-00C04F79EFBC}") = "SusOnTrack.Enumerado", "..\SusOnTrack.Enumerado\SusOnTrack.Enumerado.csproj", "{20B7EA29-4F6D-4F78-AB4E-3BAF134217B5}"
EndProject
Project("{FAE04EC0-301F-11D3-BF4B-00C04F79EFBC}") = "SusOnTrack.UnitTest", "..\SusOnTrack.UnitTest\SusOnTrack.UnitTest.csproj", "{30CCEC6E-FEFC-408F-8784-9C0B3907D005}"
EndProject
Global
	GlobalSection(SolutionConfigurationPlatforms) = preSolution
		Acesso|Any CPU = Acesso|Any CPU
		Alpitel|Any CPU = Alpitel|Any CPU
		ApiMobile|Any CPU = ApiMobile|Any CPU
		AZZA|Any CPU = AZZA|Any CPU
		Bluephone|Any CPU = Bluephone|Any CPU
		CERTTO|Any CPU = CERTTO|Any CPU
		ClickTelecom|Any CPU = ClickTelecom|Any CPU
		Cloud.Apresentacao|Any CPU = Cloud.Apresentacao|Any CPU
		Cloud.Apresentacao2|Any CPU = Cloud.Apresentacao2|Any CPU
		Cloud.Ezentis|Any CPU = Cloud.Ezentis|Any CPU
		Cloud_Treinamento|Any CPU = Cloud_Treinamento|Any CPU
		Cloud2Alpitel|Any CPU = Cloud2Alpitel|Any CPU
		CloudAlpitel|Any CPU = CloudAlpitel|Any CPU
		CloudAnielProjImp|Any CPU = CloudAnielProjImp|Any CPU
		CloudApresentacao|Any CPU = CloudApresentacao|Any CPU
		CloudBluephone|Any CPU = CloudBluephone|Any CPU
		CloudOnLine|Any CPU = CloudOnLine|Any CPU
		CloudTreina|Any CPU = CloudTreina|Any CPU
		CloudTreinamento|Any CPU = CloudTreinamento|Any CPU
		Debug|Any CPU = Debug|Any CPU
		EletroNet|Any CPU = EletroNet|Any CPU
		EletronNet|Any CPU = EletronNet|Any CPU
		Frionline|Any CPU = Frionline|Any CPU
		IPNET|Any CPU = IPNET|Any CPU
		LPNET|Any CPU = LPNET|Any CPU
		MAXTELECOM|Any CPU = MAXTELECOM|Any CPU
		MEGATURBO|Any CPU = MEGATURBO|Any CPU
		Release|Any CPU = Release|Any CPU
		Servidor7|Any CPU = Servidor7|Any CPU
		Servidor7Geral|Any CPU = Servidor7Geral|Any CPU
		Servlog|Any CPU = Servlog|Any CPU
		WeClix|Any CPU = WeClix|Any CPU
		WLNet|Any CPU = WLNet|Any CPU
	EndGlobalSection
	GlobalSection(ProjectConfigurationPlatforms) = postSolution
		{8656715B-10BC-4C7C-991A-99EF38659039}.Acesso|Any CPU.ActiveCfg = Release|Any CPU
		{8656715B-10BC-4C7C-991A-99EF38659039}.Acesso|Any CPU.Build.0 = Release|Any CPU
		{8656715B-10BC-4C7C-991A-99EF38659039}.Alpitel|Any CPU.ActiveCfg = Release|Any CPU
		{8656715B-10BC-4C7C-991A-99EF38659039}.Alpitel|Any CPU.Build.0 = Release|Any CPU
		{8656715B-10BC-4C7C-991A-99EF38659039}.ApiMobile|Any CPU.ActiveCfg = Release|Any CPU
		{8656715B-10BC-4C7C-991A-99EF38659039}.ApiMobile|Any CPU.Build.0 = Release|Any CPU
		{8656715B-10BC-4C7C-991A-99EF38659039}.AZZA|Any CPU.ActiveCfg = Release|Any CPU
		{8656715B-10BC-4C7C-991A-99EF38659039}.AZZA|Any CPU.Build.0 = Release|Any CPU
		{8656715B-10BC-4C7C-991A-99EF38659039}.Bluephone|Any CPU.ActiveCfg = Release|Any CPU
		{8656715B-10BC-4C7C-991A-99EF38659039}.Bluephone|Any CPU.Build.0 = Release|Any CPU
		{8656715B-10BC-4C7C-991A-99EF38659039}.CERTTO|Any CPU.ActiveCfg = Release|Any CPU
		{8656715B-10BC-4C7C-991A-99EF38659039}.CERTTO|Any CPU.Build.0 = Release|Any CPU
		{8656715B-10BC-4C7C-991A-99EF38659039}.ClickTelecom|Any CPU.ActiveCfg = Release|Any CPU
		{8656715B-10BC-4C7C-991A-99EF38659039}.ClickTelecom|Any CPU.Build.0 = Release|Any CPU
		{8656715B-10BC-4C7C-991A-99EF38659039}.Cloud.Apresentacao|Any CPU.ActiveCfg = Release|Any CPU
		{8656715B-10BC-4C7C-991A-99EF38659039}.Cloud.Apresentacao|Any CPU.Build.0 = Release|Any CPU
		{8656715B-10BC-4C7C-991A-99EF38659039}.Cloud.Apresentacao2|Any CPU.ActiveCfg = Release|Any CPU
		{8656715B-10BC-4C7C-991A-99EF38659039}.Cloud.Apresentacao2|Any CPU.Build.0 = Release|Any CPU
		{8656715B-10BC-4C7C-991A-99EF38659039}.Cloud.Ezentis|Any CPU.ActiveCfg = Release|Any CPU
		{8656715B-10BC-4C7C-991A-99EF38659039}.Cloud.Ezentis|Any CPU.Build.0 = Release|Any CPU
		{8656715B-10BC-4C7C-991A-99EF38659039}.Cloud_Treinamento|Any CPU.ActiveCfg = Release|Any CPU
		{8656715B-10BC-4C7C-991A-99EF38659039}.Cloud_Treinamento|Any CPU.Build.0 = Release|Any CPU
		{8656715B-10BC-4C7C-991A-99EF38659039}.Cloud2Alpitel|Any CPU.ActiveCfg = Release|Any CPU
		{8656715B-10BC-4C7C-991A-99EF38659039}.Cloud2Alpitel|Any CPU.Build.0 = Release|Any CPU
		{8656715B-10BC-4C7C-991A-99EF38659039}.CloudAlpitel|Any CPU.ActiveCfg = Release|Any CPU
		{8656715B-10BC-4C7C-991A-99EF38659039}.CloudAlpitel|Any CPU.Build.0 = Release|Any CPU
		{8656715B-10BC-4C7C-991A-99EF38659039}.CloudAnielProjImp|Any CPU.ActiveCfg = Release|Any CPU
		{8656715B-10BC-4C7C-991A-99EF38659039}.CloudAnielProjImp|Any CPU.Build.0 = Release|Any CPU
		{8656715B-10BC-4C7C-991A-99EF38659039}.CloudApresentacao|Any CPU.ActiveCfg = Release|Any CPU
		{8656715B-10BC-4C7C-991A-99EF38659039}.CloudApresentacao|Any CPU.Build.0 = Release|Any CPU
		{8656715B-10BC-4C7C-991A-99EF38659039}.CloudBluephone|Any CPU.ActiveCfg = Release|Any CPU
		{8656715B-10BC-4C7C-991A-99EF38659039}.CloudBluephone|Any CPU.Build.0 = Release|Any CPU
		{8656715B-10BC-4C7C-991A-99EF38659039}.CloudOnLine|Any CPU.ActiveCfg = Release|Any CPU
		{8656715B-10BC-4C7C-991A-99EF38659039}.CloudOnLine|Any CPU.Build.0 = Release|Any CPU
		{8656715B-10BC-4C7C-991A-99EF38659039}.CloudTreina|Any CPU.ActiveCfg = Release|Any CPU
		{8656715B-10BC-4C7C-991A-99EF38659039}.CloudTreina|Any CPU.Build.0 = Release|Any CPU
		{8656715B-10BC-4C7C-991A-99EF38659039}.CloudTreinamento|Any CPU.ActiveCfg = Release|Any CPU
		{8656715B-10BC-4C7C-991A-99EF38659039}.CloudTreinamento|Any CPU.Build.0 = Release|Any CPU
		{8656715B-10BC-4C7C-991A-99EF38659039}.Debug|Any CPU.ActiveCfg = Debug|Any CPU
		{8656715B-10BC-4C7C-991A-99EF38659039}.Debug|Any CPU.Build.0 = Debug|Any CPU
		{8656715B-10BC-4C7C-991A-99EF38659039}.EletroNet|Any CPU.ActiveCfg = Release|Any CPU
		{8656715B-10BC-4C7C-991A-99EF38659039}.EletroNet|Any CPU.Build.0 = Release|Any CPU
		{8656715B-10BC-4C7C-991A-99EF38659039}.EletronNet|Any CPU.ActiveCfg = Release|Any CPU
		{8656715B-10BC-4C7C-991A-99EF38659039}.EletronNet|Any CPU.Build.0 = Release|Any CPU
		{8656715B-10BC-4C7C-991A-99EF38659039}.Frionline|Any CPU.ActiveCfg = Release|Any CPU
		{8656715B-10BC-4C7C-991A-99EF38659039}.Frionline|Any CPU.Build.0 = Release|Any CPU
		{8656715B-10BC-4C7C-991A-99EF38659039}.IPNET|Any CPU.ActiveCfg = Release|Any CPU
		{8656715B-10BC-4C7C-991A-99EF38659039}.IPNET|Any CPU.Build.0 = Release|Any CPU
		{8656715B-10BC-4C7C-991A-99EF38659039}.LPNET|Any CPU.ActiveCfg = Release|Any CPU
		{8656715B-10BC-4C7C-991A-99EF38659039}.LPNET|Any CPU.Build.0 = Release|Any CPU
		{8656715B-10BC-4C7C-991A-99EF38659039}.MAXTELECOM|Any CPU.ActiveCfg = Release|Any CPU
		{8656715B-10BC-4C7C-991A-99EF38659039}.MAXTELECOM|Any CPU.Build.0 = Release|Any CPU
		{8656715B-10BC-4C7C-991A-99EF38659039}.MEGATURBO|Any CPU.ActiveCfg = Release|Any CPU
		{8656715B-10BC-4C7C-991A-99EF38659039}.MEGATURBO|Any CPU.Build.0 = Release|Any CPU
		{8656715B-10BC-4C7C-991A-99EF38659039}.Release|Any CPU.ActiveCfg = Release|Any CPU
		{8656715B-10BC-4C7C-991A-99EF38659039}.Release|Any CPU.Build.0 = Release|Any CPU
		{8656715B-10BC-4C7C-991A-99EF38659039}.Servidor7|Any CPU.ActiveCfg = Release|Any CPU
		{8656715B-10BC-4C7C-991A-99EF38659039}.Servidor7|Any CPU.Build.0 = Release|Any CPU
		{8656715B-10BC-4C7C-991A-99EF38659039}.Servidor7Geral|Any CPU.ActiveCfg = Release|Any CPU
		{8656715B-10BC-4C7C-991A-99EF38659039}.Servidor7Geral|Any CPU.Build.0 = Release|Any CPU
		{8656715B-10BC-4C7C-991A-99EF38659039}.Servlog|Any CPU.ActiveCfg = Release|Any CPU
		{8656715B-10BC-4C7C-991A-99EF38659039}.Servlog|Any CPU.Build.0 = Release|Any CPU
		{8656715B-10BC-4C7C-991A-99EF38659039}.WeClix|Any CPU.ActiveCfg = Release|Any CPU
		{8656715B-10BC-4C7C-991A-99EF38659039}.WeClix|Any CPU.Build.0 = Release|Any CPU
		{8656715B-10BC-4C7C-991A-99EF38659039}.WLNet|Any CPU.ActiveCfg = Release|Any CPU
		{8656715B-10BC-4C7C-991A-99EF38659039}.WLNet|Any CPU.Build.0 = Release|Any CPU
		{EF8E3E0C-8A19-438D-95BE-46E7F5AF133A}.Acesso|Any CPU.ActiveCfg = Release|Any CPU
		{EF8E3E0C-8A19-438D-95BE-46E7F5AF133A}.Acesso|Any CPU.Build.0 = Release|Any CPU
		{EF8E3E0C-8A19-438D-95BE-46E7F5AF133A}.Alpitel|Any CPU.ActiveCfg = Release|Any CPU
		{EF8E3E0C-8A19-438D-95BE-46E7F5AF133A}.Alpitel|Any CPU.Build.0 = Release|Any CPU
		{EF8E3E0C-8A19-438D-95BE-46E7F5AF133A}.ApiMobile|Any CPU.ActiveCfg = Release|Any CPU
		{EF8E3E0C-8A19-438D-95BE-46E7F5AF133A}.ApiMobile|Any CPU.Build.0 = Release|Any CPU
		{EF8E3E0C-8A19-438D-95BE-46E7F5AF133A}.AZZA|Any CPU.ActiveCfg = Release|Any CPU
		{EF8E3E0C-8A19-438D-95BE-46E7F5AF133A}.AZZA|Any CPU.Build.0 = Release|Any CPU
		{EF8E3E0C-8A19-438D-95BE-46E7F5AF133A}.Bluephone|Any CPU.ActiveCfg = Release|Any CPU
		{EF8E3E0C-8A19-438D-95BE-46E7F5AF133A}.Bluephone|Any CPU.Build.0 = Release|Any CPU
		{EF8E3E0C-8A19-438D-95BE-46E7F5AF133A}.CERTTO|Any CPU.ActiveCfg = Release|Any CPU
		{EF8E3E0C-8A19-438D-95BE-46E7F5AF133A}.CERTTO|Any CPU.Build.0 = Release|Any CPU
		{EF8E3E0C-8A19-438D-95BE-46E7F5AF133A}.ClickTelecom|Any CPU.ActiveCfg = Release|Any CPU
		{EF8E3E0C-8A19-438D-95BE-46E7F5AF133A}.ClickTelecom|Any CPU.Build.0 = Release|Any CPU
		{EF8E3E0C-8A19-438D-95BE-46E7F5AF133A}.Cloud.Apresentacao|Any CPU.ActiveCfg = Release|Any CPU
		{EF8E3E0C-8A19-438D-95BE-46E7F5AF133A}.Cloud.Apresentacao|Any CPU.Build.0 = Release|Any CPU
		{EF8E3E0C-8A19-438D-95BE-46E7F5AF133A}.Cloud.Apresentacao2|Any CPU.ActiveCfg = Release|Any CPU
		{EF8E3E0C-8A19-438D-95BE-46E7F5AF133A}.Cloud.Apresentacao2|Any CPU.Build.0 = Release|Any CPU
		{EF8E3E0C-8A19-438D-95BE-46E7F5AF133A}.Cloud.Ezentis|Any CPU.ActiveCfg = Release|Any CPU
		{EF8E3E0C-8A19-438D-95BE-46E7F5AF133A}.Cloud.Ezentis|Any CPU.Build.0 = Release|Any CPU
		{EF8E3E0C-8A19-438D-95BE-46E7F5AF133A}.Cloud_Treinamento|Any CPU.ActiveCfg = Release|Any CPU
		{EF8E3E0C-8A19-438D-95BE-46E7F5AF133A}.Cloud_Treinamento|Any CPU.Build.0 = Release|Any CPU
		{EF8E3E0C-8A19-438D-95BE-46E7F5AF133A}.Cloud2Alpitel|Any CPU.ActiveCfg = Release|Any CPU
		{EF8E3E0C-8A19-438D-95BE-46E7F5AF133A}.Cloud2Alpitel|Any CPU.Build.0 = Release|Any CPU
		{EF8E3E0C-8A19-438D-95BE-46E7F5AF133A}.CloudAlpitel|Any CPU.ActiveCfg = Release|Any CPU
		{EF8E3E0C-8A19-438D-95BE-46E7F5AF133A}.CloudAlpitel|Any CPU.Build.0 = Release|Any CPU
		{EF8E3E0C-8A19-438D-95BE-46E7F5AF133A}.CloudAnielProjImp|Any CPU.ActiveCfg = Release|Any CPU
		{EF8E3E0C-8A19-438D-95BE-46E7F5AF133A}.CloudAnielProjImp|Any CPU.Build.0 = Release|Any CPU
		{EF8E3E0C-8A19-438D-95BE-46E7F5AF133A}.CloudApresentacao|Any CPU.ActiveCfg = Release|Any CPU
		{EF8E3E0C-8A19-438D-95BE-46E7F5AF133A}.CloudApresentacao|Any CPU.Build.0 = Release|Any CPU
		{EF8E3E0C-8A19-438D-95BE-46E7F5AF133A}.CloudBluephone|Any CPU.ActiveCfg = Release|Any CPU
		{EF8E3E0C-8A19-438D-95BE-46E7F5AF133A}.CloudBluephone|Any CPU.Build.0 = Release|Any CPU
		{EF8E3E0C-8A19-438D-95BE-46E7F5AF133A}.CloudOnLine|Any CPU.ActiveCfg = Release|Any CPU
		{EF8E3E0C-8A19-438D-95BE-46E7F5AF133A}.CloudOnLine|Any CPU.Build.0 = Release|Any CPU
		{EF8E3E0C-8A19-438D-95BE-46E7F5AF133A}.CloudTreina|Any CPU.ActiveCfg = Release|Any CPU
		{EF8E3E0C-8A19-438D-95BE-46E7F5AF133A}.CloudTreina|Any CPU.Build.0 = Release|Any CPU
		{EF8E3E0C-8A19-438D-95BE-46E7F5AF133A}.CloudTreinamento|Any CPU.ActiveCfg = Release|Any CPU
		{EF8E3E0C-8A19-438D-95BE-46E7F5AF133A}.CloudTreinamento|Any CPU.Build.0 = Release|Any CPU
		{EF8E3E0C-8A19-438D-95BE-46E7F5AF133A}.Debug|Any CPU.ActiveCfg = Debug|Any CPU
		{EF8E3E0C-8A19-438D-95BE-46E7F5AF133A}.Debug|Any CPU.Build.0 = Debug|Any CPU
		{EF8E3E0C-8A19-438D-95BE-46E7F5AF133A}.EletroNet|Any CPU.ActiveCfg = Release|Any CPU
		{EF8E3E0C-8A19-438D-95BE-46E7F5AF133A}.EletroNet|Any CPU.Build.0 = Release|Any CPU
		{EF8E3E0C-8A19-438D-95BE-46E7F5AF133A}.EletronNet|Any CPU.ActiveCfg = Release|Any CPU
		{EF8E3E0C-8A19-438D-95BE-46E7F5AF133A}.EletronNet|Any CPU.Build.0 = Release|Any CPU
		{EF8E3E0C-8A19-438D-95BE-46E7F5AF133A}.Frionline|Any CPU.ActiveCfg = Release|Any CPU
		{EF8E3E0C-8A19-438D-95BE-46E7F5AF133A}.Frionline|Any CPU.Build.0 = Release|Any CPU
		{EF8E3E0C-8A19-438D-95BE-46E7F5AF133A}.IPNET|Any CPU.ActiveCfg = Release|Any CPU
		{EF8E3E0C-8A19-438D-95BE-46E7F5AF133A}.IPNET|Any CPU.Build.0 = Release|Any CPU
		{EF8E3E0C-8A19-438D-95BE-46E7F5AF133A}.LPNET|Any CPU.ActiveCfg = Release|Any CPU
		{EF8E3E0C-8A19-438D-95BE-46E7F5AF133A}.LPNET|Any CPU.Build.0 = Release|Any CPU
		{EF8E3E0C-8A19-438D-95BE-46E7F5AF133A}.MAXTELECOM|Any CPU.ActiveCfg = Release|Any CPU
		{EF8E3E0C-8A19-438D-95BE-46E7F5AF133A}.MAXTELECOM|Any CPU.Build.0 = Release|Any CPU
		{EF8E3E0C-8A19-438D-95BE-46E7F5AF133A}.MEGATURBO|Any CPU.ActiveCfg = Release|Any CPU
		{EF8E3E0C-8A19-438D-95BE-46E7F5AF133A}.MEGATURBO|Any CPU.Build.0 = Release|Any CPU
		{EF8E3E0C-8A19-438D-95BE-46E7F5AF133A}.Release|Any CPU.ActiveCfg = Release|Any CPU
		{EF8E3E0C-8A19-438D-95BE-46E7F5AF133A}.Release|Any CPU.Build.0 = Release|Any CPU
		{EF8E3E0C-8A19-438D-95BE-46E7F5AF133A}.Servidor7|Any CPU.ActiveCfg = Release|Any CPU
		{EF8E3E0C-8A19-438D-95BE-46E7F5AF133A}.Servidor7|Any CPU.Build.0 = Release|Any CPU
		{EF8E3E0C-8A19-438D-95BE-46E7F5AF133A}.Servidor7Geral|Any CPU.ActiveCfg = Release|Any CPU
		{EF8E3E0C-8A19-438D-95BE-46E7F5AF133A}.Servidor7Geral|Any CPU.Build.0 = Release|Any CPU
		{EF8E3E0C-8A19-438D-95BE-46E7F5AF133A}.Servlog|Any CPU.ActiveCfg = Release|Any CPU
		{EF8E3E0C-8A19-438D-95BE-46E7F5AF133A}.Servlog|Any CPU.Build.0 = Release|Any CPU
		{EF8E3E0C-8A19-438D-95BE-46E7F5AF133A}.WeClix|Any CPU.ActiveCfg = Release|Any CPU
		{EF8E3E0C-8A19-438D-95BE-46E7F5AF133A}.WeClix|Any CPU.Build.0 = Release|Any CPU
		{EF8E3E0C-8A19-438D-95BE-46E7F5AF133A}.WLNet|Any CPU.ActiveCfg = Release|Any CPU
		{EF8E3E0C-8A19-438D-95BE-46E7F5AF133A}.WLNet|Any CPU.Build.0 = Release|Any CPU
		{D5AF0AA8-DD1B-4F6B-847C-183568BE2293}.Acesso|Any CPU.ActiveCfg = Release|Any CPU
		{D5AF0AA8-DD1B-4F6B-847C-183568BE2293}.Acesso|Any CPU.Build.0 = Release|Any CPU
		{D5AF0AA8-DD1B-4F6B-847C-183568BE2293}.Alpitel|Any CPU.ActiveCfg = Release|Any CPU
		{D5AF0AA8-DD1B-4F6B-847C-183568BE2293}.Alpitel|Any CPU.Build.0 = Release|Any CPU
		{D5AF0AA8-DD1B-4F6B-847C-183568BE2293}.ApiMobile|Any CPU.ActiveCfg = Release|Any CPU
		{D5AF0AA8-DD1B-4F6B-847C-183568BE2293}.ApiMobile|Any CPU.Build.0 = Release|Any CPU
		{D5AF0AA8-DD1B-4F6B-847C-183568BE2293}.AZZA|Any CPU.ActiveCfg = Release|Any CPU
		{D5AF0AA8-DD1B-4F6B-847C-183568BE2293}.AZZA|Any CPU.Build.0 = Release|Any CPU
		{D5AF0AA8-DD1B-4F6B-847C-183568BE2293}.Bluephone|Any CPU.ActiveCfg = Release|Any CPU
		{D5AF0AA8-DD1B-4F6B-847C-183568BE2293}.Bluephone|Any CPU.Build.0 = Release|Any CPU
		{D5AF0AA8-DD1B-4F6B-847C-183568BE2293}.CERTTO|Any CPU.ActiveCfg = Release|Any CPU
		{D5AF0AA8-DD1B-4F6B-847C-183568BE2293}.CERTTO|Any CPU.Build.0 = Release|Any CPU
		{D5AF0AA8-DD1B-4F6B-847C-183568BE2293}.ClickTelecom|Any CPU.ActiveCfg = Release|Any CPU
		{D5AF0AA8-DD1B-4F6B-847C-183568BE2293}.ClickTelecom|Any CPU.Build.0 = Release|Any CPU
		{D5AF0AA8-DD1B-4F6B-847C-183568BE2293}.Cloud.Apresentacao|Any CPU.ActiveCfg = Release|Any CPU
		{D5AF0AA8-DD1B-4F6B-847C-183568BE2293}.Cloud.Apresentacao|Any CPU.Build.0 = Release|Any CPU
		{D5AF0AA8-DD1B-4F6B-847C-183568BE2293}.Cloud.Apresentacao2|Any CPU.ActiveCfg = Release|Any CPU
		{D5AF0AA8-DD1B-4F6B-847C-183568BE2293}.Cloud.Apresentacao2|Any CPU.Build.0 = Release|Any CPU
		{D5AF0AA8-DD1B-4F6B-847C-183568BE2293}.Cloud.Ezentis|Any CPU.ActiveCfg = Release|Any CPU
		{D5AF0AA8-DD1B-4F6B-847C-183568BE2293}.Cloud.Ezentis|Any CPU.Build.0 = Release|Any CPU
		{D5AF0AA8-DD1B-4F6B-847C-183568BE2293}.Cloud_Treinamento|Any CPU.ActiveCfg = Release|Any CPU
		{D5AF0AA8-DD1B-4F6B-847C-183568BE2293}.Cloud_Treinamento|Any CPU.Build.0 = Release|Any CPU
		{D5AF0AA8-DD1B-4F6B-847C-183568BE2293}.Cloud2Alpitel|Any CPU.ActiveCfg = Release|Any CPU
		{D5AF0AA8-DD1B-4F6B-847C-183568BE2293}.Cloud2Alpitel|Any CPU.Build.0 = Release|Any CPU
		{D5AF0AA8-DD1B-4F6B-847C-183568BE2293}.CloudAlpitel|Any CPU.ActiveCfg = Release|Any CPU
		{D5AF0AA8-DD1B-4F6B-847C-183568BE2293}.CloudAlpitel|Any CPU.Build.0 = Release|Any CPU
		{D5AF0AA8-DD1B-4F6B-847C-183568BE2293}.CloudAnielProjImp|Any CPU.ActiveCfg = Release|Any CPU
		{D5AF0AA8-DD1B-4F6B-847C-183568BE2293}.CloudAnielProjImp|Any CPU.Build.0 = Release|Any CPU
		{D5AF0AA8-DD1B-4F6B-847C-183568BE2293}.CloudApresentacao|Any CPU.ActiveCfg = Release|Any CPU
		{D5AF0AA8-DD1B-4F6B-847C-183568BE2293}.CloudApresentacao|Any CPU.Build.0 = Release|Any CPU
		{D5AF0AA8-DD1B-4F6B-847C-183568BE2293}.CloudBluephone|Any CPU.ActiveCfg = Release|Any CPU
		{D5AF0AA8-DD1B-4F6B-847C-183568BE2293}.CloudBluephone|Any CPU.Build.0 = Release|Any CPU
		{D5AF0AA8-DD1B-4F6B-847C-183568BE2293}.CloudOnLine|Any CPU.ActiveCfg = Release|Any CPU
		{D5AF0AA8-DD1B-4F6B-847C-183568BE2293}.CloudOnLine|Any CPU.Build.0 = Release|Any CPU
		{D5AF0AA8-DD1B-4F6B-847C-183568BE2293}.CloudTreina|Any CPU.ActiveCfg = Release|Any CPU
		{D5AF0AA8-DD1B-4F6B-847C-183568BE2293}.CloudTreina|Any CPU.Build.0 = Release|Any CPU
		{D5AF0AA8-DD1B-4F6B-847C-183568BE2293}.CloudTreinamento|Any CPU.ActiveCfg = Release|Any CPU
		{D5AF0AA8-DD1B-4F6B-847C-183568BE2293}.CloudTreinamento|Any CPU.Build.0 = Release|Any CPU
		{D5AF0AA8-DD1B-4F6B-847C-183568BE2293}.Debug|Any CPU.ActiveCfg = Debug|Any CPU
		{D5AF0AA8-DD1B-4F6B-847C-183568BE2293}.Debug|Any CPU.Build.0 = Debug|Any CPU
		{D5AF0AA8-DD1B-4F6B-847C-183568BE2293}.EletroNet|Any CPU.ActiveCfg = Release|Any CPU
		{D5AF0AA8-DD1B-4F6B-847C-183568BE2293}.EletroNet|Any CPU.Build.0 = Release|Any CPU
		{D5AF0AA8-DD1B-4F6B-847C-183568BE2293}.EletronNet|Any CPU.ActiveCfg = Release|Any CPU
		{D5AF0AA8-DD1B-4F6B-847C-183568BE2293}.EletronNet|Any CPU.Build.0 = Release|Any CPU
		{D5AF0AA8-DD1B-4F6B-847C-183568BE2293}.Frionline|Any CPU.ActiveCfg = Release|Any CPU
		{D5AF0AA8-DD1B-4F6B-847C-183568BE2293}.Frionline|Any CPU.Build.0 = Release|Any CPU
		{D5AF0AA8-DD1B-4F6B-847C-183568BE2293}.IPNET|Any CPU.ActiveCfg = Release|Any CPU
		{D5AF0AA8-DD1B-4F6B-847C-183568BE2293}.IPNET|Any CPU.Build.0 = Release|Any CPU
		{D5AF0AA8-DD1B-4F6B-847C-183568BE2293}.LPNET|Any CPU.ActiveCfg = Release|Any CPU
		{D5AF0AA8-DD1B-4F6B-847C-183568BE2293}.LPNET|Any CPU.Build.0 = Release|Any CPU
		{D5AF0AA8-DD1B-4F6B-847C-183568BE2293}.MAXTELECOM|Any CPU.ActiveCfg = Release|Any CPU
		{D5AF0AA8-DD1B-4F6B-847C-183568BE2293}.MAXTELECOM|Any CPU.Build.0 = Release|Any CPU
		{D5AF0AA8-DD1B-4F6B-847C-183568BE2293}.MEGATURBO|Any CPU.ActiveCfg = Release|Any CPU
		{D5AF0AA8-DD1B-4F6B-847C-183568BE2293}.MEGATURBO|Any CPU.Build.0 = Release|Any CPU
		{D5AF0AA8-DD1B-4F6B-847C-183568BE2293}.Release|Any CPU.ActiveCfg = Release|Any CPU
		{D5AF0AA8-DD1B-4F6B-847C-183568BE2293}.Release|Any CPU.Build.0 = Release|Any CPU
		{D5AF0AA8-DD1B-4F6B-847C-183568BE2293}.Servidor7|Any CPU.ActiveCfg = Release|Any CPU
		{D5AF0AA8-DD1B-4F6B-847C-183568BE2293}.Servidor7|Any CPU.Build.0 = Release|Any CPU
		{D5AF0AA8-DD1B-4F6B-847C-183568BE2293}.Servidor7Geral|Any CPU.ActiveCfg = Release|Any CPU
		{D5AF0AA8-DD1B-4F6B-847C-183568BE2293}.Servidor7Geral|Any CPU.Build.0 = Release|Any CPU
		{D5AF0AA8-DD1B-4F6B-847C-183568BE2293}.Servlog|Any CPU.ActiveCfg = Release|Any CPU
		{D5AF0AA8-DD1B-4F6B-847C-183568BE2293}.Servlog|Any CPU.Build.0 = Release|Any CPU
		{D5AF0AA8-DD1B-4F6B-847C-183568BE2293}.WeClix|Any CPU.ActiveCfg = Release|Any CPU
		{D5AF0AA8-DD1B-4F6B-847C-183568BE2293}.WeClix|Any CPU.Build.0 = Release|Any CPU
		{D5AF0AA8-DD1B-4F6B-847C-183568BE2293}.WLNet|Any CPU.ActiveCfg = Release|Any CPU
		{D5AF0AA8-DD1B-4F6B-847C-183568BE2293}.WLNet|Any CPU.Build.0 = Release|Any CPU
		{79F70D69-235D-433A-A087-5BEB69348D50}.Acesso|Any CPU.ActiveCfg = Release|Any CPU
		{79F70D69-235D-433A-A087-5BEB69348D50}.Acesso|Any CPU.Build.0 = Release|Any CPU
		{79F70D69-235D-433A-A087-5BEB69348D50}.Alpitel|Any CPU.ActiveCfg = Release|Any CPU
		{79F70D69-235D-433A-A087-5BEB69348D50}.Alpitel|Any CPU.Build.0 = Release|Any CPU
		{79F70D69-235D-433A-A087-5BEB69348D50}.ApiMobile|Any CPU.ActiveCfg = Release|Any CPU
		{79F70D69-235D-433A-A087-5BEB69348D50}.ApiMobile|Any CPU.Build.0 = Release|Any CPU
		{79F70D69-235D-433A-A087-5BEB69348D50}.AZZA|Any CPU.ActiveCfg = Release|Any CPU
		{79F70D69-235D-433A-A087-5BEB69348D50}.AZZA|Any CPU.Build.0 = Release|Any CPU
		{79F70D69-235D-433A-A087-5BEB69348D50}.Bluephone|Any CPU.ActiveCfg = Release|Any CPU
		{79F70D69-235D-433A-A087-5BEB69348D50}.Bluephone|Any CPU.Build.0 = Release|Any CPU
		{79F70D69-235D-433A-A087-5BEB69348D50}.CERTTO|Any CPU.ActiveCfg = Release|Any CPU
		{79F70D69-235D-433A-A087-5BEB69348D50}.CERTTO|Any CPU.Build.0 = Release|Any CPU
		{79F70D69-235D-433A-A087-5BEB69348D50}.ClickTelecom|Any CPU.ActiveCfg = Release|Any CPU
		{79F70D69-235D-433A-A087-5BEB69348D50}.ClickTelecom|Any CPU.Build.0 = Release|Any CPU
		{79F70D69-235D-433A-A087-5BEB69348D50}.Cloud.Apresentacao|Any CPU.ActiveCfg = Release|Any CPU
		{79F70D69-235D-433A-A087-5BEB69348D50}.Cloud.Apresentacao|Any CPU.Build.0 = Release|Any CPU
		{79F70D69-235D-433A-A087-5BEB69348D50}.Cloud.Apresentacao2|Any CPU.ActiveCfg = Release|Any CPU
		{79F70D69-235D-433A-A087-5BEB69348D50}.Cloud.Apresentacao2|Any CPU.Build.0 = Release|Any CPU
		{79F70D69-235D-433A-A087-5BEB69348D50}.Cloud.Ezentis|Any CPU.ActiveCfg = Release|Any CPU
		{79F70D69-235D-433A-A087-5BEB69348D50}.Cloud.Ezentis|Any CPU.Build.0 = Release|Any CPU
		{79F70D69-235D-433A-A087-5BEB69348D50}.Cloud_Treinamento|Any CPU.ActiveCfg = Release|Any CPU
		{79F70D69-235D-433A-A087-5BEB69348D50}.Cloud_Treinamento|Any CPU.Build.0 = Release|Any CPU
		{79F70D69-235D-433A-A087-5BEB69348D50}.Cloud2Alpitel|Any CPU.ActiveCfg = Release|Any CPU
		{79F70D69-235D-433A-A087-5BEB69348D50}.Cloud2Alpitel|Any CPU.Build.0 = Release|Any CPU
		{79F70D69-235D-433A-A087-5BEB69348D50}.CloudAlpitel|Any CPU.ActiveCfg = Release|Any CPU
		{79F70D69-235D-433A-A087-5BEB69348D50}.CloudAlpitel|Any CPU.Build.0 = Release|Any CPU
		{79F70D69-235D-433A-A087-5BEB69348D50}.CloudAnielProjImp|Any CPU.ActiveCfg = Release|Any CPU
		{79F70D69-235D-433A-A087-5BEB69348D50}.CloudAnielProjImp|Any CPU.Build.0 = Release|Any CPU
		{79F70D69-235D-433A-A087-5BEB69348D50}.CloudApresentacao|Any CPU.ActiveCfg = Release|Any CPU
		{79F70D69-235D-433A-A087-5BEB69348D50}.CloudApresentacao|Any CPU.Build.0 = Release|Any CPU
		{79F70D69-235D-433A-A087-5BEB69348D50}.CloudBluephone|Any CPU.ActiveCfg = Release|Any CPU
		{79F70D69-235D-433A-A087-5BEB69348D50}.CloudBluephone|Any CPU.Build.0 = Release|Any CPU
		{79F70D69-235D-433A-A087-5BEB69348D50}.CloudOnLine|Any CPU.ActiveCfg = Release|Any CPU
		{79F70D69-235D-433A-A087-5BEB69348D50}.CloudOnLine|Any CPU.Build.0 = Release|Any CPU
		{79F70D69-235D-433A-A087-5BEB69348D50}.CloudTreina|Any CPU.ActiveCfg = Release|Any CPU
		{79F70D69-235D-433A-A087-5BEB69348D50}.CloudTreina|Any CPU.Build.0 = Release|Any CPU
		{79F70D69-235D-433A-A087-5BEB69348D50}.CloudTreinamento|Any CPU.ActiveCfg = Release|Any CPU
		{79F70D69-235D-433A-A087-5BEB69348D50}.CloudTreinamento|Any CPU.Build.0 = Release|Any CPU
		{79F70D69-235D-433A-A087-5BEB69348D50}.Debug|Any CPU.ActiveCfg = Debug|Any CPU
		{79F70D69-235D-433A-A087-5BEB69348D50}.Debug|Any CPU.Build.0 = Debug|Any CPU
		{79F70D69-235D-433A-A087-5BEB69348D50}.EletroNet|Any CPU.ActiveCfg = Release|Any CPU
		{79F70D69-235D-433A-A087-5BEB69348D50}.EletroNet|Any CPU.Build.0 = Release|Any CPU
		{79F70D69-235D-433A-A087-5BEB69348D50}.EletronNet|Any CPU.ActiveCfg = Release|Any CPU
		{79F70D69-235D-433A-A087-5BEB69348D50}.EletronNet|Any CPU.Build.0 = Release|Any CPU
		{79F70D69-235D-433A-A087-5BEB69348D50}.Frionline|Any CPU.ActiveCfg = Release|Any CPU
		{79F70D69-235D-433A-A087-5BEB69348D50}.Frionline|Any CPU.Build.0 = Release|Any CPU
		{79F70D69-235D-433A-A087-5BEB69348D50}.IPNET|Any CPU.ActiveCfg = Release|Any CPU
		{79F70D69-235D-433A-A087-5BEB69348D50}.IPNET|Any CPU.Build.0 = Release|Any CPU
		{79F70D69-235D-433A-A087-5BEB69348D50}.LPNET|Any CPU.ActiveCfg = Release|Any CPU
		{79F70D69-235D-433A-A087-5BEB69348D50}.LPNET|Any CPU.Build.0 = Release|Any CPU
		{79F70D69-235D-433A-A087-5BEB69348D50}.MAXTELECOM|Any CPU.ActiveCfg = Release|Any CPU
		{79F70D69-235D-433A-A087-5BEB69348D50}.MAXTELECOM|Any CPU.Build.0 = Release|Any CPU
		{79F70D69-235D-433A-A087-5BEB69348D50}.MEGATURBO|Any CPU.ActiveCfg = Release|Any CPU
		{79F70D69-235D-433A-A087-5BEB69348D50}.MEGATURBO|Any CPU.Build.0 = Release|Any CPU
		{79F70D69-235D-433A-A087-5BEB69348D50}.Release|Any CPU.ActiveCfg = Release|Any CPU
		{79F70D69-235D-433A-A087-5BEB69348D50}.Release|Any CPU.Build.0 = Release|Any CPU
		{79F70D69-235D-433A-A087-5BEB69348D50}.Servidor7|Any CPU.ActiveCfg = Release|Any CPU
		{79F70D69-235D-433A-A087-5BEB69348D50}.Servidor7|Any CPU.Build.0 = Release|Any CPU
		{79F70D69-235D-433A-A087-5BEB69348D50}.Servidor7Geral|Any CPU.ActiveCfg = Release|Any CPU
		{79F70D69-235D-433A-A087-5BEB69348D50}.Servidor7Geral|Any CPU.Build.0 = Release|Any CPU
		{79F70D69-235D-433A-A087-5BEB69348D50}.Servlog|Any CPU.ActiveCfg = Release|Any CPU
		{79F70D69-235D-433A-A087-5BEB69348D50}.Servlog|Any CPU.Build.0 = Release|Any CPU
		{79F70D69-235D-433A-A087-5BEB69348D50}.WeClix|Any CPU.ActiveCfg = Release|Any CPU
		{79F70D69-235D-433A-A087-5BEB69348D50}.WeClix|Any CPU.Build.0 = Release|Any CPU
		{79F70D69-235D-433A-A087-5BEB69348D50}.WLNet|Any CPU.ActiveCfg = Release|Any CPU
		{79F70D69-235D-433A-A087-5BEB69348D50}.WLNet|Any CPU.Build.0 = Release|Any CPU
		{AA765DB8-7460-4BFF-9F93-C6F5ACDB2B70}.Acesso|Any CPU.ActiveCfg = Release|Any CPU
		{AA765DB8-7460-4BFF-9F93-C6F5ACDB2B70}.Acesso|Any CPU.Build.0 = Release|Any CPU
		{AA765DB8-7460-4BFF-9F93-C6F5ACDB2B70}.Alpitel|Any CPU.ActiveCfg = Release|Any CPU
		{AA765DB8-7460-4BFF-9F93-C6F5ACDB2B70}.Alpitel|Any CPU.Build.0 = Release|Any CPU
		{AA765DB8-7460-4BFF-9F93-C6F5ACDB2B70}.ApiMobile|Any CPU.ActiveCfg = Release|Any CPU
		{AA765DB8-7460-4BFF-9F93-C6F5ACDB2B70}.ApiMobile|Any CPU.Build.0 = Release|Any CPU
		{AA765DB8-7460-4BFF-9F93-C6F5ACDB2B70}.AZZA|Any CPU.ActiveCfg = Release|Any CPU
		{AA765DB8-7460-4BFF-9F93-C6F5ACDB2B70}.AZZA|Any CPU.Build.0 = Release|Any CPU
		{AA765DB8-7460-4BFF-9F93-C6F5ACDB2B70}.Bluephone|Any CPU.ActiveCfg = Release|Any CPU
		{AA765DB8-7460-4BFF-9F93-C6F5ACDB2B70}.Bluephone|Any CPU.Build.0 = Release|Any CPU
		{AA765DB8-7460-4BFF-9F93-C6F5ACDB2B70}.CERTTO|Any CPU.ActiveCfg = Release|Any CPU
		{AA765DB8-7460-4BFF-9F93-C6F5ACDB2B70}.CERTTO|Any CPU.Build.0 = Release|Any CPU
		{AA765DB8-7460-4BFF-9F93-C6F5ACDB2B70}.ClickTelecom|Any CPU.ActiveCfg = Release|Any CPU
		{AA765DB8-7460-4BFF-9F93-C6F5ACDB2B70}.ClickTelecom|Any CPU.Build.0 = Release|Any CPU
		{AA765DB8-7460-4BFF-9F93-C6F5ACDB2B70}.Cloud.Apresentacao|Any CPU.ActiveCfg = Release|Any CPU
		{AA765DB8-7460-4BFF-9F93-C6F5ACDB2B70}.Cloud.Apresentacao|Any CPU.Build.0 = Release|Any CPU
		{AA765DB8-7460-4BFF-9F93-C6F5ACDB2B70}.Cloud.Apresentacao2|Any CPU.ActiveCfg = Release|Any CPU
		{AA765DB8-7460-4BFF-9F93-C6F5ACDB2B70}.Cloud.Apresentacao2|Any CPU.Build.0 = Release|Any CPU
		{AA765DB8-7460-4BFF-9F93-C6F5ACDB2B70}.Cloud.Ezentis|Any CPU.ActiveCfg = Release|Any CPU
		{AA765DB8-7460-4BFF-9F93-C6F5ACDB2B70}.Cloud.Ezentis|Any CPU.Build.0 = Release|Any CPU
		{AA765DB8-7460-4BFF-9F93-C6F5ACDB2B70}.Cloud_Treinamento|Any CPU.ActiveCfg = Release|Any CPU
		{AA765DB8-7460-4BFF-9F93-C6F5ACDB2B70}.Cloud_Treinamento|Any CPU.Build.0 = Release|Any CPU
		{AA765DB8-7460-4BFF-9F93-C6F5ACDB2B70}.Cloud2Alpitel|Any CPU.ActiveCfg = Release|Any CPU
		{AA765DB8-7460-4BFF-9F93-C6F5ACDB2B70}.Cloud2Alpitel|Any CPU.Build.0 = Release|Any CPU
		{AA765DB8-7460-4BFF-9F93-C6F5ACDB2B70}.CloudAlpitel|Any CPU.ActiveCfg = Release|Any CPU
		{AA765DB8-7460-4BFF-9F93-C6F5ACDB2B70}.CloudAlpitel|Any CPU.Build.0 = Release|Any CPU
		{AA765DB8-7460-4BFF-9F93-C6F5ACDB2B70}.CloudAnielProjImp|Any CPU.ActiveCfg = Release|Any CPU
		{AA765DB8-7460-4BFF-9F93-C6F5ACDB2B70}.CloudAnielProjImp|Any CPU.Build.0 = Release|Any CPU
		{AA765DB8-7460-4BFF-9F93-C6F5ACDB2B70}.CloudApresentacao|Any CPU.ActiveCfg = Release|Any CPU
		{AA765DB8-7460-4BFF-9F93-C6F5ACDB2B70}.CloudApresentacao|Any CPU.Build.0 = Release|Any CPU
		{AA765DB8-7460-4BFF-9F93-C6F5ACDB2B70}.CloudBluephone|Any CPU.ActiveCfg = Release|Any CPU
		{AA765DB8-7460-4BFF-9F93-C6F5ACDB2B70}.CloudBluephone|Any CPU.Build.0 = Release|Any CPU
		{AA765DB8-7460-4BFF-9F93-C6F5ACDB2B70}.CloudOnLine|Any CPU.ActiveCfg = Release|Any CPU
		{AA765DB8-7460-4BFF-9F93-C6F5ACDB2B70}.CloudOnLine|Any CPU.Build.0 = Release|Any CPU
		{AA765DB8-7460-4BFF-9F93-C6F5ACDB2B70}.CloudTreina|Any CPU.ActiveCfg = Release|Any CPU
		{AA765DB8-7460-4BFF-9F93-C6F5ACDB2B70}.CloudTreina|Any CPU.Build.0 = Release|Any CPU
		{AA765DB8-7460-4BFF-9F93-C6F5ACDB2B70}.CloudTreinamento|Any CPU.ActiveCfg = Release|Any CPU
		{AA765DB8-7460-4BFF-9F93-C6F5ACDB2B70}.CloudTreinamento|Any CPU.Build.0 = Release|Any CPU
		{AA765DB8-7460-4BFF-9F93-C6F5ACDB2B70}.Debug|Any CPU.ActiveCfg = Debug|Any CPU
		{AA765DB8-7460-4BFF-9F93-C6F5ACDB2B70}.Debug|Any CPU.Build.0 = Debug|Any CPU
		{AA765DB8-7460-4BFF-9F93-C6F5ACDB2B70}.EletroNet|Any CPU.ActiveCfg = Release|Any CPU
		{AA765DB8-7460-4BFF-9F93-C6F5ACDB2B70}.EletroNet|Any CPU.Build.0 = Release|Any CPU
		{AA765DB8-7460-4BFF-9F93-C6F5ACDB2B70}.EletronNet|Any CPU.ActiveCfg = Release|Any CPU
		{AA765DB8-7460-4BFF-9F93-C6F5ACDB2B70}.EletronNet|Any CPU.Build.0 = Release|Any CPU
		{AA765DB8-7460-4BFF-9F93-C6F5ACDB2B70}.Frionline|Any CPU.ActiveCfg = Release|Any CPU
		{AA765DB8-7460-4BFF-9F93-C6F5ACDB2B70}.Frionline|Any CPU.Build.0 = Release|Any CPU
		{AA765DB8-7460-4BFF-9F93-C6F5ACDB2B70}.IPNET|Any CPU.ActiveCfg = Release|Any CPU
		{AA765DB8-7460-4BFF-9F93-C6F5ACDB2B70}.IPNET|Any CPU.Build.0 = Release|Any CPU
		{AA765DB8-7460-4BFF-9F93-C6F5ACDB2B70}.LPNET|Any CPU.ActiveCfg = Release|Any CPU
		{AA765DB8-7460-4BFF-9F93-C6F5ACDB2B70}.LPNET|Any CPU.Build.0 = Release|Any CPU
		{AA765DB8-7460-4BFF-9F93-C6F5ACDB2B70}.MAXTELECOM|Any CPU.ActiveCfg = Release|Any CPU
		{AA765DB8-7460-4BFF-9F93-C6F5ACDB2B70}.MAXTELECOM|Any CPU.Build.0 = Release|Any CPU
		{AA765DB8-7460-4BFF-9F93-C6F5ACDB2B70}.MEGATURBO|Any CPU.ActiveCfg = Release|Any CPU
		{AA765DB8-7460-4BFF-9F93-C6F5ACDB2B70}.MEGATURBO|Any CPU.Build.0 = Release|Any CPU
		{AA765DB8-7460-4BFF-9F93-C6F5ACDB2B70}.Release|Any CPU.ActiveCfg = Release|Any CPU
		{AA765DB8-7460-4BFF-9F93-C6F5ACDB2B70}.Release|Any CPU.Build.0 = Release|Any CPU
		{AA765DB8-7460-4BFF-9F93-C6F5ACDB2B70}.Servidor7|Any CPU.ActiveCfg = Release|Any CPU
		{AA765DB8-7460-4BFF-9F93-C6F5ACDB2B70}.Servidor7|Any CPU.Build.0 = Release|Any CPU
		{AA765DB8-7460-4BFF-9F93-C6F5ACDB2B70}.Servidor7Geral|Any CPU.ActiveCfg = Release|Any CPU
		{AA765DB8-7460-4BFF-9F93-C6F5ACDB2B70}.Servidor7Geral|Any CPU.Build.0 = Release|Any CPU
		{AA765DB8-7460-4BFF-9F93-C6F5ACDB2B70}.Servlog|Any CPU.ActiveCfg = Release|Any CPU
		{AA765DB8-7460-4BFF-9F93-C6F5ACDB2B70}.Servlog|Any CPU.Build.0 = Release|Any CPU
		{AA765DB8-7460-4BFF-9F93-C6F5ACDB2B70}.WeClix|Any CPU.ActiveCfg = Release|Any CPU
		{AA765DB8-7460-4BFF-9F93-C6F5ACDB2B70}.WeClix|Any CPU.Build.0 = Release|Any CPU
		{AA765DB8-7460-4BFF-9F93-C6F5ACDB2B70}.WLNet|Any CPU.ActiveCfg = Release|Any CPU
		{AA765DB8-7460-4BFF-9F93-C6F5ACDB2B70}.WLNet|Any CPU.Build.0 = Release|Any CPU
		{B0E454C3-7A12-4C5B-9710-C84BE39029EF}.Acesso|Any CPU.ActiveCfg = Release|Any CPU
		{B0E454C3-7A12-4C5B-9710-C84BE39029EF}.Acesso|Any CPU.Build.0 = Release|Any CPU
		{B0E454C3-7A12-4C5B-9710-C84BE39029EF}.Alpitel|Any CPU.ActiveCfg = Release|Any CPU
		{B0E454C3-7A12-4C5B-9710-C84BE39029EF}.Alpitel|Any CPU.Build.0 = Release|Any CPU
		{B0E454C3-7A12-4C5B-9710-C84BE39029EF}.ApiMobile|Any CPU.ActiveCfg = Release|Any CPU
		{B0E454C3-7A12-4C5B-9710-C84BE39029EF}.ApiMobile|Any CPU.Build.0 = Release|Any CPU
		{B0E454C3-7A12-4C5B-9710-C84BE39029EF}.AZZA|Any CPU.ActiveCfg = Release|Any CPU
		{B0E454C3-7A12-4C5B-9710-C84BE39029EF}.AZZA|Any CPU.Build.0 = Release|Any CPU
		{B0E454C3-7A12-4C5B-9710-C84BE39029EF}.Bluephone|Any CPU.ActiveCfg = Release|Any CPU
		{B0E454C3-7A12-4C5B-9710-C84BE39029EF}.Bluephone|Any CPU.Build.0 = Release|Any CPU
		{B0E454C3-7A12-4C5B-9710-C84BE39029EF}.CERTTO|Any CPU.ActiveCfg = Release|Any CPU
		{B0E454C3-7A12-4C5B-9710-C84BE39029EF}.CERTTO|Any CPU.Build.0 = Release|Any CPU
		{B0E454C3-7A12-4C5B-9710-C84BE39029EF}.ClickTelecom|Any CPU.ActiveCfg = Release|Any CPU
		{B0E454C3-7A12-4C5B-9710-C84BE39029EF}.ClickTelecom|Any CPU.Build.0 = Release|Any CPU
		{B0E454C3-7A12-4C5B-9710-C84BE39029EF}.Cloud.Apresentacao|Any CPU.ActiveCfg = Release|Any CPU
		{B0E454C3-7A12-4C5B-9710-C84BE39029EF}.Cloud.Apresentacao|Any CPU.Build.0 = Release|Any CPU
		{B0E454C3-7A12-4C5B-9710-C84BE39029EF}.Cloud.Apresentacao2|Any CPU.ActiveCfg = Release|Any CPU
		{B0E454C3-7A12-4C5B-9710-C84BE39029EF}.Cloud.Apresentacao2|Any CPU.Build.0 = Release|Any CPU
		{B0E454C3-7A12-4C5B-9710-C84BE39029EF}.Cloud.Ezentis|Any CPU.ActiveCfg = Release|Any CPU
		{B0E454C3-7A12-4C5B-9710-C84BE39029EF}.Cloud.Ezentis|Any CPU.Build.0 = Release|Any CPU
		{B0E454C3-7A12-4C5B-9710-C84BE39029EF}.Cloud_Treinamento|Any CPU.ActiveCfg = Release|Any CPU
		{B0E454C3-7A12-4C5B-9710-C84BE39029EF}.Cloud_Treinamento|Any CPU.Build.0 = Release|Any CPU
		{B0E454C3-7A12-4C5B-9710-C84BE39029EF}.Cloud2Alpitel|Any CPU.ActiveCfg = Release|Any CPU
		{B0E454C3-7A12-4C5B-9710-C84BE39029EF}.Cloud2Alpitel|Any CPU.Build.0 = Release|Any CPU
		{B0E454C3-7A12-4C5B-9710-C84BE39029EF}.CloudAlpitel|Any CPU.ActiveCfg = Release|Any CPU
		{B0E454C3-7A12-4C5B-9710-C84BE39029EF}.CloudAlpitel|Any CPU.Build.0 = Release|Any CPU
		{B0E454C3-7A12-4C5B-9710-C84BE39029EF}.CloudAnielProjImp|Any CPU.ActiveCfg = Release|Any CPU
		{B0E454C3-7A12-4C5B-9710-C84BE39029EF}.CloudAnielProjImp|Any CPU.Build.0 = Release|Any CPU
		{B0E454C3-7A12-4C5B-9710-C84BE39029EF}.CloudApresentacao|Any CPU.ActiveCfg = Release|Any CPU
		{B0E454C3-7A12-4C5B-9710-C84BE39029EF}.CloudApresentacao|Any CPU.Build.0 = Release|Any CPU
		{B0E454C3-7A12-4C5B-9710-C84BE39029EF}.CloudBluephone|Any CPU.ActiveCfg = Release|Any CPU
		{B0E454C3-7A12-4C5B-9710-C84BE39029EF}.CloudBluephone|Any CPU.Build.0 = Release|Any CPU
		{B0E454C3-7A12-4C5B-9710-C84BE39029EF}.CloudOnLine|Any CPU.ActiveCfg = Release|Any CPU
		{B0E454C3-7A12-4C5B-9710-C84BE39029EF}.CloudOnLine|Any CPU.Build.0 = Release|Any CPU
		{B0E454C3-7A12-4C5B-9710-C84BE39029EF}.CloudTreina|Any CPU.ActiveCfg = Release|Any CPU
		{B0E454C3-7A12-4C5B-9710-C84BE39029EF}.CloudTreina|Any CPU.Build.0 = Release|Any CPU
		{B0E454C3-7A12-4C5B-9710-C84BE39029EF}.CloudTreinamento|Any CPU.ActiveCfg = Release|Any CPU
		{B0E454C3-7A12-4C5B-9710-C84BE39029EF}.CloudTreinamento|Any CPU.Build.0 = Release|Any CPU
		{B0E454C3-7A12-4C5B-9710-C84BE39029EF}.Debug|Any CPU.ActiveCfg = Debug|Any CPU
		{B0E454C3-7A12-4C5B-9710-C84BE39029EF}.Debug|Any CPU.Build.0 = Debug|Any CPU
		{B0E454C3-7A12-4C5B-9710-C84BE39029EF}.EletroNet|Any CPU.ActiveCfg = Release|Any CPU
		{B0E454C3-7A12-4C5B-9710-C84BE39029EF}.EletroNet|Any CPU.Build.0 = Release|Any CPU
		{B0E454C3-7A12-4C5B-9710-C84BE39029EF}.EletronNet|Any CPU.ActiveCfg = Release|Any CPU
		{B0E454C3-7A12-4C5B-9710-C84BE39029EF}.EletronNet|Any CPU.Build.0 = Release|Any CPU
		{B0E454C3-7A12-4C5B-9710-C84BE39029EF}.Frionline|Any CPU.ActiveCfg = Release|Any CPU
		{B0E454C3-7A12-4C5B-9710-C84BE39029EF}.Frionline|Any CPU.Build.0 = Release|Any CPU
		{B0E454C3-7A12-4C5B-9710-C84BE39029EF}.IPNET|Any CPU.ActiveCfg = Release|Any CPU
		{B0E454C3-7A12-4C5B-9710-C84BE39029EF}.IPNET|Any CPU.Build.0 = Release|Any CPU
		{B0E454C3-7A12-4C5B-9710-C84BE39029EF}.LPNET|Any CPU.ActiveCfg = Release|Any CPU
		{B0E454C3-7A12-4C5B-9710-C84BE39029EF}.LPNET|Any CPU.Build.0 = Release|Any CPU
		{B0E454C3-7A12-4C5B-9710-C84BE39029EF}.MAXTELECOM|Any CPU.ActiveCfg = Release|Any CPU
		{B0E454C3-7A12-4C5B-9710-C84BE39029EF}.MAXTELECOM|Any CPU.Build.0 = Release|Any CPU
		{B0E454C3-7A12-4C5B-9710-C84BE39029EF}.MEGATURBO|Any CPU.ActiveCfg = Release|Any CPU
		{B0E454C3-7A12-4C5B-9710-C84BE39029EF}.MEGATURBO|Any CPU.Build.0 = Release|Any CPU
		{B0E454C3-7A12-4C5B-9710-C84BE39029EF}.Release|Any CPU.ActiveCfg = Release|Any CPU
		{B0E454C3-7A12-4C5B-9710-C84BE39029EF}.Release|Any CPU.Build.0 = Release|Any CPU
		{B0E454C3-7A12-4C5B-9710-C84BE39029EF}.Servidor7|Any CPU.ActiveCfg = Release|Any CPU
		{B0E454C3-7A12-4C5B-9710-C84BE39029EF}.Servidor7|Any CPU.Build.0 = Release|Any CPU
		{B0E454C3-7A12-4C5B-9710-C84BE39029EF}.Servidor7Geral|Any CPU.ActiveCfg = Release|Any CPU
		{B0E454C3-7A12-4C5B-9710-C84BE39029EF}.Servidor7Geral|Any CPU.Build.0 = Release|Any CPU
		{B0E454C3-7A12-4C5B-9710-C84BE39029EF}.Servlog|Any CPU.ActiveCfg = Release|Any CPU
		{B0E454C3-7A12-4C5B-9710-C84BE39029EF}.Servlog|Any CPU.Build.0 = Release|Any CPU
		{B0E454C3-7A12-4C5B-9710-C84BE39029EF}.WeClix|Any CPU.ActiveCfg = Release|Any CPU
		{B0E454C3-7A12-4C5B-9710-C84BE39029EF}.WeClix|Any CPU.Build.0 = Release|Any CPU
		{B0E454C3-7A12-4C5B-9710-C84BE39029EF}.WLNet|Any CPU.ActiveCfg = Release|Any CPU
		{B0E454C3-7A12-4C5B-9710-C84BE39029EF}.WLNet|Any CPU.Build.0 = Release|Any CPU
		{20B7EA29-4F6D-4F78-AB4E-3BAF134217B5}.Acesso|Any CPU.ActiveCfg = Release|Any CPU
		{20B7EA29-4F6D-4F78-AB4E-3BAF134217B5}.Acesso|Any CPU.Build.0 = Release|Any CPU
		{20B7EA29-4F6D-4F78-AB4E-3BAF134217B5}.Alpitel|Any CPU.ActiveCfg = Release|Any CPU
		{20B7EA29-4F6D-4F78-AB4E-3BAF134217B5}.Alpitel|Any CPU.Build.0 = Release|Any CPU
		{20B7EA29-4F6D-4F78-AB4E-3BAF134217B5}.ApiMobile|Any CPU.ActiveCfg = Release|Any CPU
		{20B7EA29-4F6D-4F78-AB4E-3BAF134217B5}.ApiMobile|Any CPU.Build.0 = Release|Any CPU
		{20B7EA29-4F6D-4F78-AB4E-3BAF134217B5}.AZZA|Any CPU.ActiveCfg = Release|Any CPU
		{20B7EA29-4F6D-4F78-AB4E-3BAF134217B5}.AZZA|Any CPU.Build.0 = Release|Any CPU
		{20B7EA29-4F6D-4F78-AB4E-3BAF134217B5}.Bluephone|Any CPU.ActiveCfg = Release|Any CPU
		{20B7EA29-4F6D-4F78-AB4E-3BAF134217B5}.Bluephone|Any CPU.Build.0 = Release|Any CPU
		{20B7EA29-4F6D-4F78-AB4E-3BAF134217B5}.CERTTO|Any CPU.ActiveCfg = Release|Any CPU
		{20B7EA29-4F6D-4F78-AB4E-3BAF134217B5}.CERTTO|Any CPU.Build.0 = Release|Any CPU
		{20B7EA29-4F6D-4F78-AB4E-3BAF134217B5}.ClickTelecom|Any CPU.ActiveCfg = Release|Any CPU
		{20B7EA29-4F6D-4F78-AB4E-3BAF134217B5}.ClickTelecom|Any CPU.Build.0 = Release|Any CPU
		{20B7EA29-4F6D-4F78-AB4E-3BAF134217B5}.Cloud.Apresentacao|Any CPU.ActiveCfg = Release|Any CPU
		{20B7EA29-4F6D-4F78-AB4E-3BAF134217B5}.Cloud.Apresentacao|Any CPU.Build.0 = Release|Any CPU
		{20B7EA29-4F6D-4F78-AB4E-3BAF134217B5}.Cloud.Apresentacao2|Any CPU.ActiveCfg = Release|Any CPU
		{20B7EA29-4F6D-4F78-AB4E-3BAF134217B5}.Cloud.Apresentacao2|Any CPU.Build.0 = Release|Any CPU
		{20B7EA29-4F6D-4F78-AB4E-3BAF134217B5}.Cloud.Ezentis|Any CPU.ActiveCfg = Release|Any CPU
		{20B7EA29-4F6D-4F78-AB4E-3BAF134217B5}.Cloud.Ezentis|Any CPU.Build.0 = Release|Any CPU
		{20B7EA29-4F6D-4F78-AB4E-3BAF134217B5}.Cloud_Treinamento|Any CPU.ActiveCfg = Release|Any CPU
		{20B7EA29-4F6D-4F78-AB4E-3BAF134217B5}.Cloud_Treinamento|Any CPU.Build.0 = Release|Any CPU
		{20B7EA29-4F6D-4F78-AB4E-3BAF134217B5}.Cloud2Alpitel|Any CPU.ActiveCfg = Release|Any CPU
		{20B7EA29-4F6D-4F78-AB4E-3BAF134217B5}.Cloud2Alpitel|Any CPU.Build.0 = Release|Any CPU
		{20B7EA29-4F6D-4F78-AB4E-3BAF134217B5}.CloudAlpitel|Any CPU.ActiveCfg = Release|Any CPU
		{20B7EA29-4F6D-4F78-AB4E-3BAF134217B5}.CloudAlpitel|Any CPU.Build.0 = Release|Any CPU
		{20B7EA29-4F6D-4F78-AB4E-3BAF134217B5}.CloudAnielProjImp|Any CPU.ActiveCfg = Release|Any CPU
		{20B7EA29-4F6D-4F78-AB4E-3BAF134217B5}.CloudAnielProjImp|Any CPU.Build.0 = Release|Any CPU
		{20B7EA29-4F6D-4F78-AB4E-3BAF134217B5}.CloudApresentacao|Any CPU.ActiveCfg = Release|Any CPU
		{20B7EA29-4F6D-4F78-AB4E-3BAF134217B5}.CloudApresentacao|Any CPU.Build.0 = Release|Any CPU
		{20B7EA29-4F6D-4F78-AB4E-3BAF134217B5}.CloudBluephone|Any CPU.ActiveCfg = Release|Any CPU
		{20B7EA29-4F6D-4F78-AB4E-3BAF134217B5}.CloudBluephone|Any CPU.Build.0 = Release|Any CPU
		{20B7EA29-4F6D-4F78-AB4E-3BAF134217B5}.CloudOnLine|Any CPU.ActiveCfg = Release|Any CPU
		{20B7EA29-4F6D-4F78-AB4E-3BAF134217B5}.CloudOnLine|Any CPU.Build.0 = Release|Any CPU
		{20B7EA29-4F6D-4F78-AB4E-3BAF134217B5}.CloudTreina|Any CPU.ActiveCfg = Release|Any CPU
		{20B7EA29-4F6D-4F78-AB4E-3BAF134217B5}.CloudTreina|Any CPU.Build.0 = Release|Any CPU
		{20B7EA29-4F6D-4F78-AB4E-3BAF134217B5}.CloudTreinamento|Any CPU.ActiveCfg = Release|Any CPU
		{20B7EA29-4F6D-4F78-AB4E-3BAF134217B5}.CloudTreinamento|Any CPU.Build.0 = Release|Any CPU
		{20B7EA29-4F6D-4F78-AB4E-3BAF134217B5}.Debug|Any CPU.ActiveCfg = Debug|Any CPU
		{20B7EA29-4F6D-4F78-AB4E-3BAF134217B5}.Debug|Any CPU.Build.0 = Debug|Any CPU
		{20B7EA29-4F6D-4F78-AB4E-3BAF134217B5}.EletroNet|Any CPU.ActiveCfg = Release|Any CPU
		{20B7EA29-4F6D-4F78-AB4E-3BAF134217B5}.EletroNet|Any CPU.Build.0 = Release|Any CPU
		{20B7EA29-4F6D-4F78-AB4E-3BAF134217B5}.EletronNet|Any CPU.ActiveCfg = Release|Any CPU
		{20B7EA29-4F6D-4F78-AB4E-3BAF134217B5}.EletronNet|Any CPU.Build.0 = Release|Any CPU
		{20B7EA29-4F6D-4F78-AB4E-3BAF134217B5}.Frionline|Any CPU.ActiveCfg = Release|Any CPU
		{20B7EA29-4F6D-4F78-AB4E-3BAF134217B5}.Frionline|Any CPU.Build.0 = Release|Any CPU
		{20B7EA29-4F6D-4F78-AB4E-3BAF134217B5}.IPNET|Any CPU.ActiveCfg = Release|Any CPU
		{20B7EA29-4F6D-4F78-AB4E-3BAF134217B5}.IPNET|Any CPU.Build.0 = Release|Any CPU
		{20B7EA29-4F6D-4F78-AB4E-3BAF134217B5}.LPNET|Any CPU.ActiveCfg = Release|Any CPU
		{20B7EA29-4F6D-4F78-AB4E-3BAF134217B5}.LPNET|Any CPU.Build.0 = Release|Any CPU
		{20B7EA29-4F6D-4F78-AB4E-3BAF134217B5}.MAXTELECOM|Any CPU.ActiveCfg = Release|Any CPU
		{20B7EA29-4F6D-4F78-AB4E-3BAF134217B5}.MAXTELECOM|Any CPU.Build.0 = Release|Any CPU
		{20B7EA29-4F6D-4F78-AB4E-3BAF134217B5}.MEGATURBO|Any CPU.ActiveCfg = Release|Any CPU
		{20B7EA29-4F6D-4F78-AB4E-3BAF134217B5}.MEGATURBO|Any CPU.Build.0 = Release|Any CPU
		{20B7EA29-4F6D-4F78-AB4E-3BAF134217B5}.Release|Any CPU.ActiveCfg = Release|Any CPU
		{20B7EA29-4F6D-4F78-AB4E-3BAF134217B5}.Release|Any CPU.Build.0 = Release|Any CPU
		{20B7EA29-4F6D-4F78-AB4E-3BAF134217B5}.Servidor7|Any CPU.ActiveCfg = Release|Any CPU
		{20B7EA29-4F6D-4F78-AB4E-3BAF134217B5}.Servidor7|Any CPU.Build.0 = Release|Any CPU
		{20B7EA29-4F6D-4F78-AB4E-3BAF134217B5}.Servidor7Geral|Any CPU.ActiveCfg = Release|Any CPU
		{20B7EA29-4F6D-4F78-AB4E-3BAF134217B5}.Servidor7Geral|Any CPU.Build.0 = Release|Any CPU
		{20B7EA29-4F6D-4F78-AB4E-3BAF134217B5}.Servlog|Any CPU.ActiveCfg = Release|Any CPU
		{20B7EA29-4F6D-4F78-AB4E-3BAF134217B5}.Servlog|Any CPU.Build.0 = Release|Any CPU
		{20B7EA29-4F6D-4F78-AB4E-3BAF134217B5}.WeClix|Any CPU.ActiveCfg = Release|Any CPU
		{20B7EA29-4F6D-4F78-AB4E-3BAF134217B5}.WeClix|Any CPU.Build.0 = Release|Any CPU
		{20B7EA29-4F6D-4F78-AB4E-3BAF134217B5}.WLNet|Any CPU.ActiveCfg = Release|Any CPU
		{20B7EA29-4F6D-4F78-AB4E-3BAF134217B5}.WLNet|Any CPU.Build.0 = Release|Any CPU
		{30CCEC6E-FEFC-408F-8784-9C0B3907D005}.Acesso|Any CPU.ActiveCfg = Debug|Any CPU
		{30CCEC6E-FEFC-408F-8784-9C0B3907D005}.Acesso|Any CPU.Build.0 = Debug|Any CPU
		{30CCEC6E-FEFC-408F-8784-9C0B3907D005}.Alpitel|Any CPU.ActiveCfg = Debug|Any CPU
		{30CCEC6E-FEFC-408F-8784-9C0B3907D005}.Alpitel|Any CPU.Build.0 = Debug|Any CPU
		{30CCEC6E-FEFC-408F-8784-9C0B3907D005}.ApiMobile|Any CPU.ActiveCfg = Debug|Any CPU
		{30CCEC6E-FEFC-408F-8784-9C0B3907D005}.ApiMobile|Any CPU.Build.0 = Debug|Any CPU
		{30CCEC6E-FEFC-408F-8784-9C0B3907D005}.AZZA|Any CPU.ActiveCfg = Debug|Any CPU
		{30CCEC6E-FEFC-408F-8784-9C0B3907D005}.AZZA|Any CPU.Build.0 = Debug|Any CPU
		{30CCEC6E-FEFC-408F-8784-9C0B3907D005}.Bluephone|Any CPU.ActiveCfg = Debug|Any CPU
		{30CCEC6E-FEFC-408F-8784-9C0B3907D005}.Bluephone|Any CPU.Build.0 = Debug|Any CPU
		{30CCEC6E-FEFC-408F-8784-9C0B3907D005}.CERTTO|Any CPU.ActiveCfg = Debug|Any CPU
		{30CCEC6E-FEFC-408F-8784-9C0B3907D005}.CERTTO|Any CPU.Build.0 = Debug|Any CPU
		{30CCEC6E-FEFC-408F-8784-9C0B3907D005}.ClickTelecom|Any CPU.ActiveCfg = Debug|Any CPU
		{30CCEC6E-FEFC-408F-8784-9C0B3907D005}.ClickTelecom|Any CPU.Build.0 = Debug|Any CPU
		{30CCEC6E-FEFC-408F-8784-9C0B3907D005}.Cloud.Apresentacao|Any CPU.ActiveCfg = Debug|Any CPU
		{30CCEC6E-FEFC-408F-8784-9C0B3907D005}.Cloud.Apresentacao|Any CPU.Build.0 = Debug|Any CPU
		{30CCEC6E-FEFC-408F-8784-9C0B3907D005}.Cloud.Apresentacao2|Any CPU.ActiveCfg = Debug|Any CPU
		{30CCEC6E-FEFC-408F-8784-9C0B3907D005}.Cloud.Apresentacao2|Any CPU.Build.0 = Debug|Any CPU
		{30CCEC6E-FEFC-408F-8784-9C0B3907D005}.Cloud.Ezentis|Any CPU.ActiveCfg = Debug|Any CPU
		{30CCEC6E-FEFC-408F-8784-9C0B3907D005}.Cloud.Ezentis|Any CPU.Build.0 = Debug|Any CPU
		{30CCEC6E-FEFC-408F-8784-9C0B3907D005}.Cloud_Treinamento|Any CPU.ActiveCfg = Debug|Any CPU
		{30CCEC6E-FEFC-408F-8784-9C0B3907D005}.Cloud_Treinamento|Any CPU.Build.0 = Debug|Any CPU
		{30CCEC6E-FEFC-408F-8784-9C0B3907D005}.Cloud2Alpitel|Any CPU.ActiveCfg = Debug|Any CPU
		{30CCEC6E-FEFC-408F-8784-9C0B3907D005}.Cloud2Alpitel|Any CPU.Build.0 = Debug|Any CPU
		{30CCEC6E-FEFC-408F-8784-9C0B3907D005}.CloudAlpitel|Any CPU.ActiveCfg = Debug|Any CPU
		{30CCEC6E-FEFC-408F-8784-9C0B3907D005}.CloudAlpitel|Any CPU.Build.0 = Debug|Any CPU
		{30CCEC6E-FEFC-408F-8784-9C0B3907D005}.CloudAnielProjImp|Any CPU.ActiveCfg = Debug|Any CPU
		{30CCEC6E-FEFC-408F-8784-9C0B3907D005}.CloudAnielProjImp|Any CPU.Build.0 = Debug|Any CPU
		{30CCEC6E-FEFC-408F-8784-9C0B3907D005}.CloudApresentacao|Any CPU.ActiveCfg = Debug|Any CPU
		{30CCEC6E-FEFC-408F-8784-9C0B3907D005}.CloudApresentacao|Any CPU.Build.0 = Debug|Any CPU
		{30CCEC6E-FEFC-408F-8784-9C0B3907D005}.CloudBluephone|Any CPU.ActiveCfg = Debug|Any CPU
		{30CCEC6E-FEFC-408F-8784-9C0B3907D005}.CloudBluephone|Any CPU.Build.0 = Debug|Any CPU
		{30CCEC6E-FEFC-408F-8784-9C0B3907D005}.CloudOnLine|Any CPU.ActiveCfg = Debug|Any CPU
		{30CCEC6E-FEFC-408F-8784-9C0B3907D005}.CloudOnLine|Any CPU.Build.0 = Debug|Any CPU
		{30CCEC6E-FEFC-408F-8784-9C0B3907D005}.CloudTreina|Any CPU.ActiveCfg = Debug|Any CPU
		{30CCEC6E-FEFC-408F-8784-9C0B3907D005}.CloudTreina|Any CPU.Build.0 = Debug|Any CPU
		{30CCEC6E-FEFC-408F-8784-9C0B3907D005}.CloudTreinamento|Any CPU.ActiveCfg = Debug|Any CPU
		{30CCEC6E-FEFC-408F-8784-9C0B3907D005}.CloudTreinamento|Any CPU.Build.0 = Debug|Any CPU
		{30CCEC6E-FEFC-408F-8784-9C0B3907D005}.Debug|Any CPU.ActiveCfg = Debug|Any CPU
		{30CCEC6E-FEFC-408F-8784-9C0B3907D005}.Debug|Any CPU.Build.0 = Debug|Any CPU
		{30CCEC6E-FEFC-408F-8784-9C0B3907D005}.EletroNet|Any CPU.ActiveCfg = Debug|Any CPU
		{30CCEC6E-FEFC-408F-8784-9C0B3907D005}.EletroNet|Any CPU.Build.0 = Debug|Any CPU
		{30CCEC6E-FEFC-408F-8784-9C0B3907D005}.EletronNet|Any CPU.ActiveCfg = Debug|Any CPU
		{30CCEC6E-FEFC-408F-8784-9C0B3907D005}.EletronNet|Any CPU.Build.0 = Debug|Any CPU
		{30CCEC6E-FEFC-408F-8784-9C0B3907D005}.Frionline|Any CPU.ActiveCfg = Debug|Any CPU
		{30CCEC6E-FEFC-408F-8784-9C0B3907D005}.Frionline|Any CPU.Build.0 = Debug|Any CPU
		{30CCEC6E-FEFC-408F-8784-9C0B3907D005}.IPNET|Any CPU.ActiveCfg = Debug|Any CPU
		{30CCEC6E-FEFC-408F-8784-9C0B3907D005}.IPNET|Any CPU.Build.0 = Debug|Any CPU
		{30CCEC6E-FEFC-408F-8784-9C0B3907D005}.LPNET|Any CPU.ActiveCfg = Debug|Any CPU
		{30CCEC6E-FEFC-408F-8784-9C0B3907D005}.LPNET|Any CPU.Build.0 = Debug|Any CPU
		{30CCEC6E-FEFC-408F-8784-9C0B3907D005}.MAXTELECOM|Any CPU.ActiveCfg = Debug|Any CPU
		{30CCEC6E-FEFC-408F-8784-9C0B3907D005}.MAXTELECOM|Any CPU.Build.0 = Debug|Any CPU
		{30CCEC6E-FEFC-408F-8784-9C0B3907D005}.MEGATURBO|Any CPU.ActiveCfg = Debug|Any CPU
		{30CCEC6E-FEFC-408F-8784-9C0B3907D005}.MEGATURBO|Any CPU.Build.0 = Debug|Any CPU
		{30CCEC6E-FEFC-408F-8784-9C0B3907D005}.Release|Any CPU.ActiveCfg = Release|Any CPU
		{30CCEC6E-FEFC-408F-8784-9C0B3907D005}.Release|Any CPU.Build.0 = Release|Any CPU
		{30CCEC6E-FEFC-408F-8784-9C0B3907D005}.Servidor7|Any CPU.ActiveCfg = Debug|Any CPU
		{30CCEC6E-FEFC-408F-8784-9C0B3907D005}.Servidor7|Any CPU.Build.0 = Debug|Any CPU
		{30CCEC6E-FEFC-408F-8784-9C0B3907D005}.Servidor7Geral|Any CPU.ActiveCfg = Debug|Any CPU
		{30CCEC6E-FEFC-408F-8784-9C0B3907D005}.Servidor7Geral|Any CPU.Build.0 = Debug|Any CPU
		{30CCEC6E-FEFC-408F-8784-9C0B3907D005}.Servlog|Any CPU.ActiveCfg = Debug|Any CPU
		{30CCEC6E-FEFC-408F-8784-9C0B3907D005}.Servlog|Any CPU.Build.0 = Debug|Any CPU
		{30CCEC6E-FEFC-408F-8784-9C0B3907D005}.WeClix|Any CPU.ActiveCfg = Debug|Any CPU
		{30CCEC6E-FEFC-408F-8784-9C0B3907D005}.WeClix|Any CPU.Build.0 = Debug|Any CPU
		{30CCEC6E-FEFC-408F-8784-9C0B3907D005}.WLNet|Any CPU.ActiveCfg = Debug|Any CPU
		{30CCEC6E-FEFC-408F-8784-9C0B3907D005}.WLNet|Any CPU.Build.0 = Debug|Any CPU
	EndGlobalSection
	GlobalSection(SolutionProperties) = preSolution
		HideSolutionNode = FALSE
	EndGlobalSection
	GlobalSection(ExtensibilityGlobals) = postSolution
		SolutionGuid = {994FAAEF-438E-4AF7-B1D6-D65E3318E3FE}
	EndGlobalSection
EndGlobal
